
Microsoft Visual Studio Solution File, Format Version 11.00
# Visual Studio 2010
Project("{FAE04EC0-301F-11D3-BF4B-00C04F79EFBC}") = "Assembly-CSharp", "Assembly-CSharp.csproj", "{470777FB-2B78-0795-C32E-6FFAF307BFFE}"
EndProject
Global
	GlobalSection(SolutionConfigurationPlatforms) = preSolution
		Debug|Any CPU = Debug|Any CPU
		Release|Any CPU = Release|Any CPU
	EndGlobalSection
	GlobalSection(ProjectConfigurationPlatforms) = postSolution
		{470777FB-2B78-0795-C32E-6FFAF307BFFE}.Debug|Any CPU.ActiveCfg = Debug|Any CPU
		{470777FB-2B78-0795-C32E-6FFAF307BFFE}.Debug|Any CPU.Build.0 = Debug|Any CPU
		{470777FB-2B78-0795-C32E-6FFAF307BFFE}.Release|Any CPU.ActiveCfg = Release|Any CPU
		{470777FB-2B78-0795-C32E-6FFAF307BFFE}.Release|Any CPU.Build.0 = Release|Any CPU
	EndGlobalSection
	GlobalSection(SolutionProperties) = preSolution
		HideSolutionNode = FALSE
	EndGlobalSection
	GlobalSection(MonoDevelopProperties) = preSolution
		StartupItem = Assembly-CSharp.csproj
	EndGlobalSection
EndGlobal
